
Microsoft Visual Studio Solution File, Format Version 12.00
# Visual Studio Version 17
VisualStudioVersion = 17.11.35327.3
MinimumVisualStudioVersion = 10.0.40219.1
Project("{9A19103F-16F7-4668-BE54-9A1E7A4F7556}") = "Swack.Logic", "Swack.Logic\Swack.Logic.csproj", "{3AFB5623-7249-4FC0-B6AF-9D26E7B2DF05}"
EndProject
Project("{FAE04EC0-301F-11D3-BF4B-00C04F79EFBC}") = "Swack.UI", "Swack.UI\Swack.UI.csproj", "{600838BE-5029-478D-85FC-5C4BF9F02036}"
EndProject
Global
	GlobalSection(SolutionConfigurationPlatforms) = preSolution
		Debug|Any CPU = Debug|Any CPU
		Release|Any CPU = Release|Any CPU
	EndGlobalSection
	GlobalSection(ProjectConfigurationPlatforms) = postSolution
		{3AFB5623-7249-4FC0-B6AF-9D26E7B2DF05}.Debug|Any CPU.ActiveCfg = Debug|Any CPU
		{3AFB5623-7249-4FC0-B6AF-9D26E7B2DF05}.Debug|Any CPU.Build.0 = Debug|Any CPU
		{3AFB5623-7249-4FC0-B6AF-9D26E7B2DF05}.Release|Any CPU.ActiveCfg = Release|Any CPU
		{3AFB5623-7249-4FC0-B6AF-9D26E7B2DF05}.Release|Any CPU.Build.0 = Release|Any CPU
		{600838BE-5029-478D-85FC-5C4BF9F02036}.Debug|Any CPU.ActiveCfg = Debug|Any CPU
		{600838BE-5029-478D-85FC-5C4BF9F02036}.Debug|Any CPU.Build.0 = Debug|Any CPU
		{600838BE-5029-478D-85FC-5C4BF9F02036}.Release|Any CPU.ActiveCfg = Release|Any CPU
		{600838BE-5029-478D-85FC-5C4BF9F02036}.Release|Any CPU.Build.0 = Release|Any CPU
	EndGlobalSection
	GlobalSection(SolutionProperties) = preSolution
		HideSolutionNode = FALSE
	EndGlobalSection
	GlobalSection(ExtensibilityGlobals) = postSolution
		SolutionGuid = {7BE1A69B-C336-4686-9F6B-D89AF547A2FF}
	EndGlobalSection
EndGlobal
